
Microsoft Visual Studio Solution File, Format Version 12.00
# Visual Studio Version 16
VisualStudioVersion = 16.0.32126.315
MinimumVisualStudioVersion = 10.0.40219.1
Project("{FAE04EC0-301F-11D3-BF4B-00C04F79EFBC}") = "NARCSharp", "NARCSharp\NARCSharp.csproj", "{9BB9345C-D64A-44E9-B4C0-2142D979B021}"
EndProject
Project("{FAE04EC0-301F-11D3-BF4B-00C04F79EFBC}") = "TestingUtilities", "TestingUtilities\TestingUtilities.csproj", "{F9674086-C808-4021-AF9A-6C2852077DF5}"
EndProject
Global
	GlobalSection(SolutionConfigurationPlatforms) = preSolution
		Debug|Any CPU = Debug|Any CPU
		Release|Any CPU = Release|Any CPU
	EndGlobalSection
	GlobalSection(ProjectConfigurationPlatforms) = postSolution
		{9BB9345C-D64A-44E9-B4C0-2142D979B021}.Debug|Any CPU.ActiveCfg = Debug|Any CPU
		{9BB9345C-D64A-44E9-B4C0-2142D979B021}.Debug|Any CPU.Build.0 = Debug|Any CPU
		{9BB9345C-D64A-44E9-B4C0-2142D979B021}.Release|Any CPU.ActiveCfg = Release|Any CPU
		{9BB9345C-D64A-44E9-B4C0-2142D979B021}.Release|Any CPU.Build.0 = Release|Any CPU
		{F9674086-C808-4021-AF9A-6C2852077DF5}.Debug|Any CPU.ActiveCfg = Debug|Any CPU
		{F9674086-C808-4021-AF9A-6C2852077DF5}.Debug|Any CPU.Build.0 = Debug|Any CPU
		{F9674086-C808-4021-AF9A-6C2852077DF5}.Release|Any CPU.ActiveCfg = Release|Any CPU
		{F9674086-C808-4021-AF9A-6C2852077DF5}.Release|Any CPU.Build.0 = Release|Any CPU
	EndGlobalSection
	GlobalSection(SolutionProperties) = preSolution
		HideSolutionNode = FALSE
	EndGlobalSection
	GlobalSection(ExtensibilityGlobals) = postSolution
		SolutionGuid = {2FB9E44A-6232-49E1-B1F7-939FF41343BB}
	EndGlobalSection
EndGlobal
