
Microsoft Visual Studio Solution File, Format Version 12.00
# Visual Studio Version 17
VisualStudioVersion = 17.2.32427.441
MinimumVisualStudioVersion = 10.0.40219.1
Project("{9A19103F-16F7-4668-BE54-9A1E7A4F7556}") = "NARCSharp", "NARCSharp\NARCSharp.csproj", "{9BB9345C-D64A-44E9-B4C0-2142D979B021}"
EndProject
Project("{F9674086-C808-4021-AF9A-6C2852077DF5}") = "TestingUtilities", "TestingUtilities\TestingUtilities.csproj", "{F9674086-C808-4021-AF9A-6C2852077DF5}"
EndProject
Global
	GlobalSection(SolutionConfigurationPlatforms) = preSolution
		Debug|Any CPU = Debug|Any CPU
		Release|Any CPU = Release|Any CPU
	EndGlobalSection
	GlobalSection(ProjectConfigurationPlatforms) = postSolution
		{9BB9345C-D64A-44E9-B4C0-2142D979B021}.Debug|Any CPU.ActiveCfg = Debug|Any CPU
		{9BB9345C-D64A-44E9-B4C0-2142D979B021}.Debug|Any CPU.Build.0 = Debug|Any CPU
		{9BB9345C-D64A-44E9-B4C0-2142D979B021}.Release|Any CPU.ActiveCfg = Release|Any CPU
		{9BB9345C-D64A-44E9-B4C0-2142D979B021}.Release|Any CPU.Build.0 = Release|Any CPU
		{F9674086-C808-4021-AF9A-6C2852077DF5}.Debug|Any CPU.ActiveCfg = Debug|Any CPU
		{F9674086-C808-4021-AF9A-6C2852077DF5}.Debug|Any CPU.Build.0 = Debug|Any CPU
		{F9674086-C808-4021-AF9A-6C2852077DF5}.Release|Any CPU.ActiveCfg = Release|Any CPU
		{F9674086-C808-4021-AF9A-6C2852077DF5}.Release|Any CPU.Build.0 = Release|Any CPU
	EndGlobalSection
	GlobalSection(SolutionProperties) = preSolution
		HideSolutionNode = FALSE
	EndGlobalSection
	GlobalSection(ExtensibilityGlobals) = postSolution
		SolutionGuid = {2FB9E44A-6232-49E1-B1F7-939FF41343BB}
	EndGlobalSection
EndGlobal
